
Microsoft Visual Studio Solution File, Format Version 12.00
# Visual Studio Version 16
VisualStudioVersion = 16.0.31729.503
MinimumVisualStudioVersion = 10.0.40219.1
Project("{FAE04EC0-301F-11D3-BF4B-00C04F79EFBC}") = "53. Maximum Subarray", "53. Maximum Subarray\53. Maximum Subarray.csproj", "{341DBD44-9A60-4EB5-8EC1-01A8BE5A4A6B}"
EndProject
Global
	GlobalSection(SolutionConfigurationPlatforms) = preSolution
		Debug|Any CPU = Debug|Any CPU
		Release|Any CPU = Release|Any CPU
	EndGlobalSection
	GlobalSection(ProjectConfigurationPlatforms) = postSolution
		{341DBD44-9A60-4EB5-8EC1-01A8BE5A4A6B}.Debug|Any CPU.ActiveCfg = Debug|Any CPU
		{341DBD44-9A60-4EB5-8EC1-01A8BE5A4A6B}.Debug|Any CPU.Build.0 = Debug|Any CPU
		{341DBD44-9A60-4EB5-8EC1-01A8BE5A4A6B}.Release|Any CPU.ActiveCfg = Release|Any CPU
		{341DBD44-9A60-4EB5-8EC1-01A8BE5A4A6B}.Release|Any CPU.Build.0 = Release|Any CPU
	EndGlobalSection
	GlobalSection(SolutionProperties) = preSolution
		HideSolutionNode = FALSE
	EndGlobalSection
	GlobalSection(ExtensibilityGlobals) = postSolution
		SolutionGuid = {8BF34FCB-3FCB-4276-A3C2-DE55818F19A5}
	EndGlobalSection
EndGlobal
